
Microsoft Visual Studio Solution File, Format Version 12.00
# Visual Studio 15
VisualStudioVersion = 15.0.26730.16
MinimumVisualStudioVersion = 10.0.40219.1
Project("{9A19103F-16F7-4668-BE54-9A1E7A4F7556}") = "Rml", "Rml\Rml.csproj", "{14C772AD-43E2-45BE-9B03-DFC8E29B0C50}"
EndProject
Project("{FAE04EC0-301F-11D3-BF4B-00C04F79EFBC}") = "Rml.Wpf", "Rml.Wpf\Rml.Wpf.csproj", "{19489D56-3B58-4E4C-95B4-0E23B689673A}"
EndProject
Project("{9A19103F-16F7-4668-BE54-9A1E7A4F7556}") = "Rml.Communication", "Rml.Communication\Rml.Communication.csproj", "{6B426899-4191-43F9-A668-C23E81A52204}"
EndProject
Project("{9A19103F-16F7-4668-BE54-9A1E7A4F7556}") = "Rml.Communication.Direct", "Rml.Communication.Direct\Rml.Communication.Direct.csproj", "{A35A38F4-8D1C-4746-AEE7-364B83E1DCFF}"
EndProject
Project("{9A19103F-16F7-4668-BE54-9A1E7A4F7556}") = "Rml.Communication.Tcp", "Rml.Communication.Tcp\Rml.Communication.Tcp.csproj", "{C39277A8-5DA5-4F04-A5E5-4C8EDA6EE560}"
EndProject
Project("{FAE04EC0-301F-11D3-BF4B-00C04F79EFBC}") = "Rml.Communication.Direct.Test", "Rml.Communication.Direct.Test\Rml.Communication.Direct.Test.csproj", "{CC7A5222-0C97-4A54-93D4-7383C4D077ED}"
EndProject
Project("{FAE04EC0-301F-11D3-BF4B-00C04F79EFBC}") = "Rml.Communication.Tcp.Test", "Rml.Communication.Tcp.Test\Rml.Communication.Tcp.Test.csproj", "{BC0B0E17-3F8D-4179-8D47-C41924929BD4}"
EndProject
Project("{9A19103F-16F7-4668-BE54-9A1E7A4F7556}") = "Rml.RedirectLoadAssemblyFolder", "Rml.RedirectLoadAssemblyFolder\Rml.RedirectLoadAssemblyFolder.csproj", "{2CE7C6BB-C5BA-4F35-BF8C-CEAA87CFAAD1}"
EndProject
Project("{8BC9CEB8-8B4A-11D0-8D11-00A0C91BC942}") = "Rml.Communication.Direct.Clr", "Rml.Communication.Direct.Clr\Rml.Communication.Direct.Clr.vcxproj", "{3514E698-113A-4ACD-AC6C-B715727EA9CB}"
EndProject
Project("{8BC9CEB8-8B4A-11D0-8D11-00A0C91BC942}") = "Rml.Communication.Direct.Clr.Test", "Rml.Communication.Direct.Clr.Test\Rml.Communication.Direct.Clr.Test.vcxproj", "{ED112CD1-9A8D-407A-9198-32343242966E}"
EndProject
Project("{8BC9CEB8-8B4A-11D0-8D11-00A0C91BC942}") = "Rml.Communication.Clr", "Rml.Communication.Clr\Rml.Communication.Clr.vcxproj", "{1E3B65DC-5AE7-47CA-9E2B-D2CB12ADC254}"
EndProject
Project("{8BC9CEB8-8B4A-11D0-8D11-00A0C91BC942}") = "Rml.RedirectLoadAssemblyFolder.Clr", "Rml.RedirectLoadAssemblyFolder.Clr\Rml.RedirectLoadAssemblyFolder.Clr.vcxproj", "{57F628AE-0B93-4F0A-9314-FF68B09F3ADC}"
EndProject
Global
	GlobalSection(SolutionConfigurationPlatforms) = preSolution
		Debug|Any CPU = Debug|Any CPU
		Debug|x64 = Debug|x64
		Debug|x86 = Debug|x86
		Release|Any CPU = Release|Any CPU
		Release|x64 = Release|x64
		Release|x86 = Release|x86
	EndGlobalSection
	GlobalSection(ProjectConfigurationPlatforms) = postSolution
		{14C772AD-43E2-45BE-9B03-DFC8E29B0C50}.Debug|Any CPU.ActiveCfg = Debug|Any CPU
		{14C772AD-43E2-45BE-9B03-DFC8E29B0C50}.Debug|Any CPU.Build.0 = Debug|Any CPU
		{14C772AD-43E2-45BE-9B03-DFC8E29B0C50}.Debug|x64.ActiveCfg = Debug|Any CPU
		{14C772AD-43E2-45BE-9B03-DFC8E29B0C50}.Debug|x64.Build.0 = Debug|Any CPU
		{14C772AD-43E2-45BE-9B03-DFC8E29B0C50}.Debug|x86.ActiveCfg = Debug|Any CPU
		{14C772AD-43E2-45BE-9B03-DFC8E29B0C50}.Debug|x86.Build.0 = Debug|Any CPU
		{14C772AD-43E2-45BE-9B03-DFC8E29B0C50}.Release|Any CPU.ActiveCfg = Release|Any CPU
		{14C772AD-43E2-45BE-9B03-DFC8E29B0C50}.Release|Any CPU.Build.0 = Release|Any CPU
		{14C772AD-43E2-45BE-9B03-DFC8E29B0C50}.Release|x64.ActiveCfg = Release|Any CPU
		{14C772AD-43E2-45BE-9B03-DFC8E29B0C50}.Release|x64.Build.0 = Release|Any CPU
		{14C772AD-43E2-45BE-9B03-DFC8E29B0C50}.Release|x86.ActiveCfg = Release|Any CPU
		{14C772AD-43E2-45BE-9B03-DFC8E29B0C50}.Release|x86.Build.0 = Release|Any CPU
		{19489D56-3B58-4E4C-95B4-0E23B689673A}.Debug|Any CPU.ActiveCfg = Debug|Any CPU
		{19489D56-3B58-4E4C-95B4-0E23B689673A}.Debug|Any CPU.Build.0 = Debug|Any CPU
		{19489D56-3B58-4E4C-95B4-0E23B689673A}.Debug|x64.ActiveCfg = Debug|Any CPU
		{19489D56-3B58-4E4C-95B4-0E23B689673A}.Debug|x64.Build.0 = Debug|Any CPU
		{19489D56-3B58-4E4C-95B4-0E23B689673A}.Debug|x86.ActiveCfg = Debug|Any CPU
		{19489D56-3B58-4E4C-95B4-0E23B689673A}.Debug|x86.Build.0 = Debug|Any CPU
		{19489D56-3B58-4E4C-95B4-0E23B689673A}.Release|Any CPU.ActiveCfg = Release|Any CPU
		{19489D56-3B58-4E4C-95B4-0E23B689673A}.Release|Any CPU.Build.0 = Release|Any CPU
		{19489D56-3B58-4E4C-95B4-0E23B689673A}.Release|x64.ActiveCfg = Release|Any CPU
		{19489D56-3B58-4E4C-95B4-0E23B689673A}.Release|x64.Build.0 = Release|Any CPU
		{19489D56-3B58-4E4C-95B4-0E23B689673A}.Release|x86.ActiveCfg = Release|Any CPU
		{19489D56-3B58-4E4C-95B4-0E23B689673A}.Release|x86.Build.0 = Release|Any CPU
		{6B426899-4191-43F9-A668-C23E81A52204}.Debug|Any CPU.ActiveCfg = Debug|Any CPU
		{6B426899-4191-43F9-A668-C23E81A52204}.Debug|Any CPU.Build.0 = Debug|Any CPU
		{6B426899-4191-43F9-A668-C23E81A52204}.Debug|x64.ActiveCfg = Debug|Any CPU
		{6B426899-4191-43F9-A668-C23E81A52204}.Debug|x64.Build.0 = Debug|Any CPU
		{6B426899-4191-43F9-A668-C23E81A52204}.Debug|x86.ActiveCfg = Debug|Any CPU
		{6B426899-4191-43F9-A668-C23E81A52204}.Debug|x86.Build.0 = Debug|Any CPU
		{6B426899-4191-43F9-A668-C23E81A52204}.Release|Any CPU.ActiveCfg = Release|Any CPU
		{6B426899-4191-43F9-A668-C23E81A52204}.Release|Any CPU.Build.0 = Release|Any CPU
		{6B426899-4191-43F9-A668-C23E81A52204}.Release|x64.ActiveCfg = Release|Any CPU
		{6B426899-4191-43F9-A668-C23E81A52204}.Release|x64.Build.0 = Release|Any CPU
		{6B426899-4191-43F9-A668-C23E81A52204}.Release|x86.ActiveCfg = Release|Any CPU
		{6B426899-4191-43F9-A668-C23E81A52204}.Release|x86.Build.0 = Release|Any CPU
		{A35A38F4-8D1C-4746-AEE7-364B83E1DCFF}.Debug|Any CPU.ActiveCfg = Debug|Any CPU
		{A35A38F4-8D1C-4746-AEE7-364B83E1DCFF}.Debug|Any CPU.Build.0 = Debug|Any CPU
		{A35A38F4-8D1C-4746-AEE7-364B83E1DCFF}.Debug|x64.ActiveCfg = Debug|Any CPU
		{A35A38F4-8D1C-4746-AEE7-364B83E1DCFF}.Debug|x64.Build.0 = Debug|Any CPU
		{A35A38F4-8D1C-4746-AEE7-364B83E1DCFF}.Debug|x86.ActiveCfg = Debug|Any CPU
		{A35A38F4-8D1C-4746-AEE7-364B83E1DCFF}.Debug|x86.Build.0 = Debug|Any CPU
		{A35A38F4-8D1C-4746-AEE7-364B83E1DCFF}.Release|Any CPU.ActiveCfg = Release|Any CPU
		{A35A38F4-8D1C-4746-AEE7-364B83E1DCFF}.Release|Any CPU.Build.0 = Release|Any CPU
		{A35A38F4-8D1C-4746-AEE7-364B83E1DCFF}.Release|x64.ActiveCfg = Release|Any CPU
		{A35A38F4-8D1C-4746-AEE7-364B83E1DCFF}.Release|x64.Build.0 = Release|Any CPU
		{A35A38F4-8D1C-4746-AEE7-364B83E1DCFF}.Release|x86.ActiveCfg = Release|Any CPU
		{A35A38F4-8D1C-4746-AEE7-364B83E1DCFF}.Release|x86.Build.0 = Release|Any CPU
		{C39277A8-5DA5-4F04-A5E5-4C8EDA6EE560}.Debug|Any CPU.ActiveCfg = Debug|Any CPU
		{C39277A8-5DA5-4F04-A5E5-4C8EDA6EE560}.Debug|Any CPU.Build.0 = Debug|Any CPU
		{C39277A8-5DA5-4F04-A5E5-4C8EDA6EE560}.Debug|x64.ActiveCfg = Debug|Any CPU
		{C39277A8-5DA5-4F04-A5E5-4C8EDA6EE560}.Debug|x64.Build.0 = Debug|Any CPU
		{C39277A8-5DA5-4F04-A5E5-4C8EDA6EE560}.Debug|x86.ActiveCfg = Debug|Any CPU
		{C39277A8-5DA5-4F04-A5E5-4C8EDA6EE560}.Debug|x86.Build.0 = Debug|Any CPU
		{C39277A8-5DA5-4F04-A5E5-4C8EDA6EE560}.Release|Any CPU.ActiveCfg = Release|Any CPU
		{C39277A8-5DA5-4F04-A5E5-4C8EDA6EE560}.Release|Any CPU.Build.0 = Release|Any CPU
		{C39277A8-5DA5-4F04-A5E5-4C8EDA6EE560}.Release|x64.ActiveCfg = Release|Any CPU
		{C39277A8-5DA5-4F04-A5E5-4C8EDA6EE560}.Release|x64.Build.0 = Release|Any CPU
		{C39277A8-5DA5-4F04-A5E5-4C8EDA6EE560}.Release|x86.ActiveCfg = Release|Any CPU
		{C39277A8-5DA5-4F04-A5E5-4C8EDA6EE560}.Release|x86.Build.0 = Release|Any CPU
		{CC7A5222-0C97-4A54-93D4-7383C4D077ED}.Debug|Any CPU.ActiveCfg = Debug|Any CPU
		{CC7A5222-0C97-4A54-93D4-7383C4D077ED}.Debug|Any CPU.Build.0 = Debug|Any CPU
		{CC7A5222-0C97-4A54-93D4-7383C4D077ED}.Debug|x64.ActiveCfg = Debug|Any CPU
		{CC7A5222-0C97-4A54-93D4-7383C4D077ED}.Debug|x64.Build.0 = Debug|Any CPU
		{CC7A5222-0C97-4A54-93D4-7383C4D077ED}.Debug|x86.ActiveCfg = Debug|Any CPU
		{CC7A5222-0C97-4A54-93D4-7383C4D077ED}.Debug|x86.Build.0 = Debug|Any CPU
		{CC7A5222-0C97-4A54-93D4-7383C4D077ED}.Release|Any CPU.ActiveCfg = Release|Any CPU
		{CC7A5222-0C97-4A54-93D4-7383C4D077ED}.Release|Any CPU.Build.0 = Release|Any CPU
		{CC7A5222-0C97-4A54-93D4-7383C4D077ED}.Release|x64.ActiveCfg = Release|Any CPU
		{CC7A5222-0C97-4A54-93D4-7383C4D077ED}.Release|x64.Build.0 = Release|Any CPU
		{CC7A5222-0C97-4A54-93D4-7383C4D077ED}.Release|x86.ActiveCfg = Release|Any CPU
		{CC7A5222-0C97-4A54-93D4-7383C4D077ED}.Release|x86.Build.0 = Release|Any CPU
		{BC0B0E17-3F8D-4179-8D47-C41924929BD4}.Debug|Any CPU.ActiveCfg = Debug|Any CPU
		{BC0B0E17-3F8D-4179-8D47-C41924929BD4}.Debug|Any CPU.Build.0 = Debug|Any CPU
		{BC0B0E17-3F8D-4179-8D47-C41924929BD4}.Debug|x64.ActiveCfg = Debug|Any CPU
		{BC0B0E17-3F8D-4179-8D47-C41924929BD4}.Debug|x64.Build.0 = Debug|Any CPU
		{BC0B0E17-3F8D-4179-8D47-C41924929BD4}.Debug|x86.ActiveCfg = Debug|Any CPU
		{BC0B0E17-3F8D-4179-8D47-C41924929BD4}.Debug|x86.Build.0 = Debug|Any CPU
		{BC0B0E17-3F8D-4179-8D47-C41924929BD4}.Release|Any CPU.ActiveCfg = Release|Any CPU
		{BC0B0E17-3F8D-4179-8D47-C41924929BD4}.Release|Any CPU.Build.0 = Release|Any CPU
		{BC0B0E17-3F8D-4179-8D47-C41924929BD4}.Release|x64.ActiveCfg = Release|Any CPU
		{BC0B0E17-3F8D-4179-8D47-C41924929BD4}.Release|x64.Build.0 = Release|Any CPU
		{BC0B0E17-3F8D-4179-8D47-C41924929BD4}.Release|x86.ActiveCfg = Release|Any CPU
		{BC0B0E17-3F8D-4179-8D47-C41924929BD4}.Release|x86.Build.0 = Release|Any CPU
		{2CE7C6BB-C5BA-4F35-BF8C-CEAA87CFAAD1}.Debug|Any CPU.ActiveCfg = Debug|Any CPU
		{2CE7C6BB-C5BA-4F35-BF8C-CEAA87CFAAD1}.Debug|Any CPU.Build.0 = Debug|Any CPU
		{2CE7C6BB-C5BA-4F35-BF8C-CEAA87CFAAD1}.Debug|x64.ActiveCfg = Debug|Any CPU
		{2CE7C6BB-C5BA-4F35-BF8C-CEAA87CFAAD1}.Debug|x64.Build.0 = Debug|Any CPU
		{2CE7C6BB-C5BA-4F35-BF8C-CEAA87CFAAD1}.Debug|x86.ActiveCfg = Debug|Any CPU
		{2CE7C6BB-C5BA-4F35-BF8C-CEAA87CFAAD1}.Debug|x86.Build.0 = Debug|Any CPU
		{2CE7C6BB-C5BA-4F35-BF8C-CEAA87CFAAD1}.Release|Any CPU.ActiveCfg = Release|Any CPU
		{2CE7C6BB-C5BA-4F35-BF8C-CEAA87CFAAD1}.Release|Any CPU.Build.0 = Release|Any CPU
		{2CE7C6BB-C5BA-4F35-BF8C-CEAA87CFAAD1}.Release|x64.ActiveCfg = Release|Any CPU
		{2CE7C6BB-C5BA-4F35-BF8C-CEAA87CFAAD1}.Release|x64.Build.0 = Release|Any CPU
		{2CE7C6BB-C5BA-4F35-BF8C-CEAA87CFAAD1}.Release|x86.ActiveCfg = Release|Any CPU
		{2CE7C6BB-C5BA-4F35-BF8C-CEAA87CFAAD1}.Release|x86.Build.0 = Release|Any CPU
		{3514E698-113A-4ACD-AC6C-B715727EA9CB}.Debug|Any CPU.ActiveCfg = Debug|Win32
		{3514E698-113A-4ACD-AC6C-B715727EA9CB}.Debug|x64.ActiveCfg = Debug|x64
		{3514E698-113A-4ACD-AC6C-B715727EA9CB}.Debug|x64.Build.0 = Debug|x64
		{3514E698-113A-4ACD-AC6C-B715727EA9CB}.Debug|x86.ActiveCfg = Debug|Win32
		{3514E698-113A-4ACD-AC6C-B715727EA9CB}.Debug|x86.Build.0 = Debug|Win32
		{3514E698-113A-4ACD-AC6C-B715727EA9CB}.Release|Any CPU.ActiveCfg = Release|Win32
		{3514E698-113A-4ACD-AC6C-B715727EA9CB}.Release|x64.ActiveCfg = Release|x64
		{3514E698-113A-4ACD-AC6C-B715727EA9CB}.Release|x64.Build.0 = Release|x64
		{3514E698-113A-4ACD-AC6C-B715727EA9CB}.Release|x86.ActiveCfg = Release|Win32
		{3514E698-113A-4ACD-AC6C-B715727EA9CB}.Release|x86.Build.0 = Release|Win32
		{ED112CD1-9A8D-407A-9198-32343242966E}.Debug|Any CPU.ActiveCfg = Debug|Win32
		{ED112CD1-9A8D-407A-9198-32343242966E}.Debug|x64.ActiveCfg = Debug|x64
		{ED112CD1-9A8D-407A-9198-32343242966E}.Debug|x64.Build.0 = Debug|x64
		{ED112CD1-9A8D-407A-9198-32343242966E}.Debug|x86.ActiveCfg = Debug|Win32
		{ED112CD1-9A8D-407A-9198-32343242966E}.Debug|x86.Build.0 = Debug|Win32
		{ED112CD1-9A8D-407A-9198-32343242966E}.Release|Any CPU.ActiveCfg = Release|Win32
		{ED112CD1-9A8D-407A-9198-32343242966E}.Release|x64.ActiveCfg = Release|x64
		{ED112CD1-9A8D-407A-9198-32343242966E}.Release|x64.Build.0 = Release|x64
		{ED112CD1-9A8D-407A-9198-32343242966E}.Release|x86.ActiveCfg = Release|Win32
		{ED112CD1-9A8D-407A-9198-32343242966E}.Release|x86.Build.0 = Release|Win32
		{1E3B65DC-5AE7-47CA-9E2B-D2CB12ADC254}.Debug|Any CPU.ActiveCfg = Debug|Win32
		{1E3B65DC-5AE7-47CA-9E2B-D2CB12ADC254}.Debug|x64.ActiveCfg = Debug|x64
		{1E3B65DC-5AE7-47CA-9E2B-D2CB12ADC254}.Debug|x64.Build.0 = Debug|x64
		{1E3B65DC-5AE7-47CA-9E2B-D2CB12ADC254}.Debug|x86.ActiveCfg = Debug|Win32
		{1E3B65DC-5AE7-47CA-9E2B-D2CB12ADC254}.Debug|x86.Build.0 = Debug|Win32
		{1E3B65DC-5AE7-47CA-9E2B-D2CB12ADC254}.Release|Any CPU.ActiveCfg = Release|Win32
		{1E3B65DC-5AE7-47CA-9E2B-D2CB12ADC254}.Release|x64.ActiveCfg = Release|x64
		{1E3B65DC-5AE7-47CA-9E2B-D2CB12ADC254}.Release|x64.Build.0 = Release|x64
		{1E3B65DC-5AE7-47CA-9E2B-D2CB12ADC254}.Release|x86.ActiveCfg = Release|Win32
		{1E3B65DC-5AE7-47CA-9E2B-D2CB12ADC254}.Release|x86.Build.0 = Release|Win32
		{57F628AE-0B93-4F0A-9314-FF68B09F3ADC}.Debug|Any CPU.ActiveCfg = Debug|Win32
		{57F628AE-0B93-4F0A-9314-FF68B09F3ADC}.Debug|x64.ActiveCfg = Debug|x64
		{57F628AE-0B93-4F0A-9314-FF68B09F3ADC}.Debug|x64.Build.0 = Debug|x64
		{57F628AE-0B93-4F0A-9314-FF68B09F3ADC}.Debug|x86.ActiveCfg = Debug|Win32
		{57F628AE-0B93-4F0A-9314-FF68B09F3ADC}.Debug|x86.Build.0 = Debug|Win32
		{57F628AE-0B93-4F0A-9314-FF68B09F3ADC}.Release|Any CPU.ActiveCfg = Release|Win32
		{57F628AE-0B93-4F0A-9314-FF68B09F3ADC}.Release|x64.ActiveCfg = Release|x64
		{57F628AE-0B93-4F0A-9314-FF68B09F3ADC}.Release|x64.Build.0 = Release|x64
		{57F628AE-0B93-4F0A-9314-FF68B09F3ADC}.Release|x86.ActiveCfg = Release|Win32
		{57F628AE-0B93-4F0A-9314-FF68B09F3ADC}.Release|x86.Build.0 = Release|Win32
	EndGlobalSection
	GlobalSection(SolutionProperties) = preSolution
		HideSolutionNode = FALSE
	EndGlobalSection
	GlobalSection(ExtensibilityGlobals) = postSolution
		SolutionGuid = {4870B5D3-5B2B-42BB-9F52-3BE450E00619}
	EndGlobalSection
EndGlobal
