
Microsoft Visual Studio Solution File, Format Version 12.00
# Visual Studio 15
VisualStudioVersion = 15.0.26730.16
MinimumVisualStudioVersion = 10.0.40219.1
Project("{9A19103F-16F7-4668-BE54-9A1E7A4F7556}") = "Rml", "Rml\Rml.csproj", "{14C772AD-43E2-45BE-9B03-DFC8E29B0C50}"
EndProject
Project("{FAE04EC0-301F-11D3-BF4B-00C04F79EFBC}") = "Rml.Wpf", "Rml.Wpf\Rml.Wpf.csproj", "{19489D56-3B58-4E4C-95B4-0E23B689673A}"
EndProject
Project("{9A19103F-16F7-4668-BE54-9A1E7A4F7556}") = "Rml.Communication", "Rml.Communication\Rml.Communication.csproj", "{6B426899-4191-43F9-A668-C23E81A52204}"
EndProject
Project("{9A19103F-16F7-4668-BE54-9A1E7A4F7556}") = "Rml.Communication.Direct", "Rml.Communication.Direct\Rml.Communication.Direct.csproj", "{A35A38F4-8D1C-4746-AEE7-364B83E1DCFF}"
EndProject
Project("{9A19103F-16F7-4668-BE54-9A1E7A4F7556}") = "Rml.Communication.Tcp", "Rml.Communication.Tcp\Rml.Communication.Tcp.csproj", "{C39277A8-5DA5-4F04-A5E5-4C8EDA6EE560}"
EndProject
Project("{FAE04EC0-301F-11D3-BF4B-00C04F79EFBC}") = "Rml.Communication.Direct.Test", "Rml.Communication.Direct.Test\Rml.Communication.Direct.Test.csproj", "{CC7A5222-0C97-4A54-93D4-7383C4D077ED}"
EndProject
Project("{FAE04EC0-301F-11D3-BF4B-00C04F79EFBC}") = "Rml.Communication.Tcp.Test", "Rml.Communication.Tcp.Test\Rml.Communication.Tcp.Test.csproj", "{BC0B0E17-3F8D-4179-8D47-C41924929BD4}"
EndProject
Global
	GlobalSection(SolutionConfigurationPlatforms) = preSolution
		Debug|Any CPU = Debug|Any CPU
		Release|Any CPU = Release|Any CPU
	EndGlobalSection
	GlobalSection(ProjectConfigurationPlatforms) = postSolution
		{14C772AD-43E2-45BE-9B03-DFC8E29B0C50}.Debug|Any CPU.ActiveCfg = Debug|Any CPU
		{14C772AD-43E2-45BE-9B03-DFC8E29B0C50}.Debug|Any CPU.Build.0 = Debug|Any CPU
		{14C772AD-43E2-45BE-9B03-DFC8E29B0C50}.Release|Any CPU.ActiveCfg = Release|Any CPU
		{14C772AD-43E2-45BE-9B03-DFC8E29B0C50}.Release|Any CPU.Build.0 = Release|Any CPU
		{19489D56-3B58-4E4C-95B4-0E23B689673A}.Debug|Any CPU.ActiveCfg = Debug|Any CPU
		{19489D56-3B58-4E4C-95B4-0E23B689673A}.Debug|Any CPU.Build.0 = Debug|Any CPU
		{19489D56-3B58-4E4C-95B4-0E23B689673A}.Release|Any CPU.ActiveCfg = Release|Any CPU
		{19489D56-3B58-4E4C-95B4-0E23B689673A}.Release|Any CPU.Build.0 = Release|Any CPU
		{6B426899-4191-43F9-A668-C23E81A52204}.Debug|Any CPU.ActiveCfg = Debug|Any CPU
		{6B426899-4191-43F9-A668-C23E81A52204}.Debug|Any CPU.Build.0 = Debug|Any CPU
		{6B426899-4191-43F9-A668-C23E81A52204}.Release|Any CPU.ActiveCfg = Release|Any CPU
		{6B426899-4191-43F9-A668-C23E81A52204}.Release|Any CPU.Build.0 = Release|Any CPU
		{A35A38F4-8D1C-4746-AEE7-364B83E1DCFF}.Debug|Any CPU.ActiveCfg = Debug|Any CPU
		{A35A38F4-8D1C-4746-AEE7-364B83E1DCFF}.Debug|Any CPU.Build.0 = Debug|Any CPU
		{A35A38F4-8D1C-4746-AEE7-364B83E1DCFF}.Release|Any CPU.ActiveCfg = Release|Any CPU
		{A35A38F4-8D1C-4746-AEE7-364B83E1DCFF}.Release|Any CPU.Build.0 = Release|Any CPU
		{C39277A8-5DA5-4F04-A5E5-4C8EDA6EE560}.Debug|Any CPU.ActiveCfg = Debug|Any CPU
		{C39277A8-5DA5-4F04-A5E5-4C8EDA6EE560}.Debug|Any CPU.Build.0 = Debug|Any CPU
		{C39277A8-5DA5-4F04-A5E5-4C8EDA6EE560}.Release|Any CPU.ActiveCfg = Release|Any CPU
		{C39277A8-5DA5-4F04-A5E5-4C8EDA6EE560}.Release|Any CPU.Build.0 = Release|Any CPU
		{CC7A5222-0C97-4A54-93D4-7383C4D077ED}.Debug|Any CPU.ActiveCfg = Debug|Any CPU
		{CC7A5222-0C97-4A54-93D4-7383C4D077ED}.Debug|Any CPU.Build.0 = Debug|Any CPU
		{CC7A5222-0C97-4A54-93D4-7383C4D077ED}.Release|Any CPU.ActiveCfg = Release|Any CPU
		{CC7A5222-0C97-4A54-93D4-7383C4D077ED}.Release|Any CPU.Build.0 = Release|Any CPU
		{BC0B0E17-3F8D-4179-8D47-C41924929BD4}.Debug|Any CPU.ActiveCfg = Debug|Any CPU
		{BC0B0E17-3F8D-4179-8D47-C41924929BD4}.Debug|Any CPU.Build.0 = Debug|Any CPU
		{BC0B0E17-3F8D-4179-8D47-C41924929BD4}.Release|Any CPU.ActiveCfg = Release|Any CPU
		{BC0B0E17-3F8D-4179-8D47-C41924929BD4}.Release|Any CPU.Build.0 = Release|Any CPU
	EndGlobalSection
	GlobalSection(SolutionProperties) = preSolution
		HideSolutionNode = FALSE
	EndGlobalSection
	GlobalSection(ExtensibilityGlobals) = postSolution
		SolutionGuid = {4870B5D3-5B2B-42BB-9F52-3BE450E00619}
	EndGlobalSection
EndGlobal
